
Microsoft Visual Studio Solution File, Format Version 12.00
# Visual Studio Version 16
VisualStudioVersion = 16.0.30717.126
MinimumVisualStudioVersion = 10.0.40219.1
Project("{FAE04EC0-301F-11D3-BF4B-00C04F79EFBC}") = "BookListRazor", "BookListRazor\BookListRazor.csproj", "{C7CD9B78-4D6F-4898-BBFA-08FEBC76260E}"
EndProject
Global
	GlobalSection(SolutionConfigurationPlatforms) = preSolution
		Debug|Any CPU = Debug|Any CPU
		Release|Any CPU = Release|Any CPU
	EndGlobalSection
	GlobalSection(ProjectConfigurationPlatforms) = postSolution
		{C7CD9B78-4D6F-4898-BBFA-08FEBC76260E}.Debug|Any CPU.ActiveCfg = Debug|Any CPU
		{C7CD9B78-4D6F-4898-BBFA-08FEBC76260E}.Debug|Any CPU.Build.0 = Debug|Any CPU
		{C7CD9B78-4D6F-4898-BBFA-08FEBC76260E}.Release|Any CPU.ActiveCfg = Release|Any CPU
		{C7CD9B78-4D6F-4898-BBFA-08FEBC76260E}.Release|Any CPU.Build.0 = Release|Any CPU
	EndGlobalSection
	GlobalSection(SolutionProperties) = preSolution
		HideSolutionNode = FALSE
	EndGlobalSection
	GlobalSection(ExtensibilityGlobals) = postSolution
		SolutionGuid = {1BF52F52-663E-46B1-9C07-F27E84EE404D}
	EndGlobalSection
EndGlobal
